
Microsoft Visual Studio Solution File, Format Version 12.00
# Visual Studio Version 17
VisualStudioVersion = 17.13.35828.75
MinimumVisualStudioVersion = 10.0.40219.1
Project("{FAE04EC0-301F-11D3-BF4B-00C04F79EFBC}") = "Core", "Core\Core.csproj", "{3394D4EE-7DCC-477C-A5A1-19FE2A062419}"
EndProject
Project("{FAE04EC0-301F-11D3-BF4B-00C04F79EFBC}") = "ConsoleUI", "ConsoleUI\ConsoleUI.csproj", "{12C301EC-3865-4A54-83D6-5DD5B8321515}"
EndProject
Project("{FAE04EC0-301F-11D3-BF4B-00C04F79EFBC}") = "WinFormsUI", "WinFormsUI\WinFormsUI.csproj", "{DA690915-00B8-4C90-ACB2-9A5AB75CA991}"
EndProject
Global
	GlobalSection(SolutionConfigurationPlatforms) = preSolution
		Debug|Any CPU = Debug|Any CPU
		Release|Any CPU = Release|Any CPU
	EndGlobalSection
	GlobalSection(ProjectConfigurationPlatforms) = postSolution
		{3394D4EE-7DCC-477C-A5A1-19FE2A062419}.Debug|Any CPU.ActiveCfg = Debug|Any CPU
		{3394D4EE-7DCC-477C-A5A1-19FE2A062419}.Debug|Any CPU.Build.0 = Debug|Any CPU
		{3394D4EE-7DCC-477C-A5A1-19FE2A062419}.Release|Any CPU.ActiveCfg = Release|Any CPU
		{3394D4EE-7DCC-477C-A5A1-19FE2A062419}.Release|Any CPU.Build.0 = Release|Any CPU
		{12C301EC-3865-4A54-83D6-5DD5B8321515}.Debug|Any CPU.ActiveCfg = Debug|Any CPU
		{12C301EC-3865-4A54-83D6-5DD5B8321515}.Debug|Any CPU.Build.0 = Debug|Any CPU
		{12C301EC-3865-4A54-83D6-5DD5B8321515}.Release|Any CPU.ActiveCfg = Release|Any CPU
		{12C301EC-3865-4A54-83D6-5DD5B8321515}.Release|Any CPU.Build.0 = Release|Any CPU
		{DA690915-00B8-4C90-ACB2-9A5AB75CA991}.Debug|Any CPU.ActiveCfg = Debug|Any CPU
		{DA690915-00B8-4C90-ACB2-9A5AB75CA991}.Debug|Any CPU.Build.0 = Debug|Any CPU
		{DA690915-00B8-4C90-ACB2-9A5AB75CA991}.Release|Any CPU.ActiveCfg = Release|Any CPU
		{DA690915-00B8-4C90-ACB2-9A5AB75CA991}.Release|Any CPU.Build.0 = Release|Any CPU
	EndGlobalSection
	GlobalSection(SolutionProperties) = preSolution
		HideSolutionNode = FALSE
	EndGlobalSection
	GlobalSection(ExtensibilityGlobals) = postSolution
		SolutionGuid = {D4044C2A-6562-4701-84F1-D0AD17B77FA5}
	EndGlobalSection
EndGlobal
